
Microsoft Visual Studio Solution File, Format Version 12.00
# Visual Studio Version 17
VisualStudioVersion = 17.14.37516.0
MinimumVisualStudioVersion = 10.0.40219.1
Project("{FAE04EC0-301F-11D3-BF4B-00C04F79EFBC}") = "0807Seminar", "0807Seminar\0807Seminar.csproj", "{CEC52B2B-3455-434D-9D82-C2BB72884A6D}"
EndProject
Project("{FAE04EC0-301F-11D3-BF4B-00C04F79EFBC}") = "0814Seminar", "0814Seminar\0814Seminar.csproj", "{24C4E325-AA17-479D-AB08-632971F106AB}"
EndProject
Global
	GlobalSection(SolutionConfigurationPlatforms) = preSolution
		Debug|Any CPU = Debug|Any CPU
		Release|Any CPU = Release|Any CPU
	EndGlobalSection
	GlobalSection(ProjectConfigurationPlatforms) = postSolution
		{CEC52B2B-3455-434D-9D82-C2BB72884A6D}.Debug|Any CPU.ActiveCfg = Debug|Any CPU
		{CEC52B2B-3455-434D-9D82-C2BB72884A6D}.Debug|Any CPU.Build.0 = Debug|Any CPU
		{CEC52B2B-3455-434D-9D82-C2BB72884A6D}.Release|Any CPU.ActiveCfg = Release|Any CPU
		{CEC52B2B-3455-434D-9D82-C2BB72884A6D}.Release|Any CPU.Build.0 = Release|Any CPU
		{24C4E325-AA17-479D-AB08-632971F106AB}.Debug|Any CPU.ActiveCfg = Debug|Any CPU
		{24C4E325-AA17-479D-AB08-632971F106AB}.Debug|Any CPU.Build.0 = Debug|Any CPU
		{24C4E325-AA17-479D-AB08-632971F106AB}.Release|Any CPU.ActiveCfg = Release|Any CPU
		{24C4E325-AA17-479D-AB08-632971F106AB}.Release|Any CPU.Build.0 = Release|Any CPU
	EndGlobalSection
	GlobalSection(SolutionProperties) = preSolution
		HideSolutionNode = FALSE
	EndGlobalSection
	GlobalSection(ExtensibilityGlobals) = postSolution
		SolutionGuid = {1060E3F6-4500-4465-8907-549C9E160B73}
	EndGlobalSection
EndGlobal
